
Microsoft Visual Studio Solution File, Format Version 12.00
# Visual Studio 14
VisualStudioVersion = 14.0.25420.1
MinimumVisualStudioVersion = 10.0.40219.1
Project("{FAE04EC0-301F-11D3-BF4B-00C04F79EFBC}") = "App1", "App1\App1.csproj", "{F7541E62-2394-4EC2-93D2-F69F149848E3}"
EndProject
Project("{FAE04EC0-301F-11D3-BF4B-00C04F79EFBC}") = "JsonData", "JsonData\JsonData.csproj", "{9E9B373B-B8D6-4372-93D4-ACF075B3C60D}"
EndProject
Global
	GlobalSection(SolutionConfigurationPlatforms) = preSolution
		Debug|Any CPU = Debug|Any CPU
		Debug|ARM = Debug|ARM
		Debug|x64 = Debug|x64
		Debug|x86 = Debug|x86
		Release|Any CPU = Release|Any CPU
		Release|ARM = Release|ARM
		Release|x64 = Release|x64
		Release|x86 = Release|x86
	EndGlobalSection
	GlobalSection(ProjectConfigurationPlatforms) = postSolution
		{F7541E62-2394-4EC2-93D2-F69F149848E3}.Debug|Any CPU.ActiveCfg = Debug|x86
		{F7541E62-2394-4EC2-93D2-F69F149848E3}.Debug|ARM.ActiveCfg = Debug|ARM
		{F7541E62-2394-4EC2-93D2-F69F149848E3}.Debug|ARM.Build.0 = Debug|ARM
		{F7541E62-2394-4EC2-93D2-F69F149848E3}.Debug|ARM.Deploy.0 = Debug|ARM
		{F7541E62-2394-4EC2-93D2-F69F149848E3}.Debug|x64.ActiveCfg = Debug|x64
		{F7541E62-2394-4EC2-93D2-F69F149848E3}.Debug|x64.Build.0 = Debug|x64
		{F7541E62-2394-4EC2-93D2-F69F149848E3}.Debug|x64.Deploy.0 = Debug|x64
		{F7541E62-2394-4EC2-93D2-F69F149848E3}.Debug|x86.ActiveCfg = Debug|x86
		{F7541E62-2394-4EC2-93D2-F69F149848E3}.Debug|x86.Build.0 = Debug|x86
		{F7541E62-2394-4EC2-93D2-F69F149848E3}.Debug|x86.Deploy.0 = Debug|x86
		{F7541E62-2394-4EC2-93D2-F69F149848E3}.Release|Any CPU.ActiveCfg = Release|x86
		{F7541E62-2394-4EC2-93D2-F69F149848E3}.Release|ARM.ActiveCfg = Release|ARM
		{F7541E62-2394-4EC2-93D2-F69F149848E3}.Release|ARM.Build.0 = Release|ARM
		{F7541E62-2394-4EC2-93D2-F69F149848E3}.Release|ARM.Deploy.0 = Release|ARM
		{F7541E62-2394-4EC2-93D2-F69F149848E3}.Release|x64.ActiveCfg = Release|x64
		{F7541E62-2394-4EC2-93D2-F69F149848E3}.Release|x64.Build.0 = Release|x64
		{F7541E62-2394-4EC2-93D2-F69F149848E3}.Release|x64.Deploy.0 = Release|x64
		{F7541E62-2394-4EC2-93D2-F69F149848E3}.Release|x86.ActiveCfg = Release|x86
		{F7541E62-2394-4EC2-93D2-F69F149848E3}.Release|x86.Build.0 = Release|x86
		{F7541E62-2394-4EC2-93D2-F69F149848E3}.Release|x86.Deploy.0 = Release|x86
		{9E9B373B-B8D6-4372-93D4-ACF075B3C60D}.Debug|Any CPU.ActiveCfg = Debug|Any CPU
		{9E9B373B-B8D6-4372-93D4-ACF075B3C60D}.Debug|Any CPU.Build.0 = Debug|Any CPU
		{9E9B373B-B8D6-4372-93D4-ACF075B3C60D}.Debug|ARM.ActiveCfg = Debug|Any CPU
		{9E9B373B-B8D6-4372-93D4-ACF075B3C60D}.Debug|ARM.Build.0 = Debug|Any CPU
		{9E9B373B-B8D6-4372-93D4-ACF075B3C60D}.Debug|x64.ActiveCfg = Debug|Any CPU
		{9E9B373B-B8D6-4372-93D4-ACF075B3C60D}.Debug|x64.Build.0 = Debug|Any CPU
		{9E9B373B-B8D6-4372-93D4-ACF075B3C60D}.Debug|x86.ActiveCfg = Debug|Any CPU
		{9E9B373B-B8D6-4372-93D4-ACF075B3C60D}.Debug|x86.Build.0 = Debug|Any CPU
		{9E9B373B-B8D6-4372-93D4-ACF075B3C60D}.Release|Any CPU.ActiveCfg = Release|Any CPU
		{9E9B373B-B8D6-4372-93D4-ACF075B3C60D}.Release|Any CPU.Build.0 = Release|Any CPU
		{9E9B373B-B8D6-4372-93D4-ACF075B3C60D}.Release|ARM.ActiveCfg = Release|Any CPU
		{9E9B373B-B8D6-4372-93D4-ACF075B3C60D}.Release|ARM.Build.0 = Release|Any CPU
		{9E9B373B-B8D6-4372-93D4-ACF075B3C60D}.Release|x64.ActiveCfg = Release|Any CPU
		{9E9B373B-B8D6-4372-93D4-ACF075B3C60D}.Release|x64.Build.0 = Release|Any CPU
		{9E9B373B-B8D6-4372-93D4-ACF075B3C60D}.Release|x86.ActiveCfg = Release|Any CPU
		{9E9B373B-B8D6-4372-93D4-ACF075B3C60D}.Release|x86.Build.0 = Release|Any CPU
	EndGlobalSection
	GlobalSection(SolutionProperties) = preSolution
		HideSolutionNode = FALSE
	EndGlobalSection
EndGlobal
